// !$*UTF8*$!
{
	archiveVersion = 1;
	classes = {
	};
	objectVersion = 48;
	objects = {

/* Begin PBXBuildFile section */
		95BB53B4221BF9C70062366A /* AppDelegate.swift in Sources */ = {isa = PBXBuildFile; fileRef = 95BB53B3221BF9C70062366A /* AppDelegate.swift */; };
		95BB53B6221BF9C70062366A /* ViewController.swift in Sources */ = {isa = PBXBuildFile; fileRef = 95BB53B5221BF9C70062366A /* ViewController.swift */; };
		95BB53B9221BF9C70062366A /* Main.storyboard in Resources */ = {isa = PBXBuildFile; fileRef = 95BB53B7221BF9C70062366A /* Main.storyboard */; };
		95BB53BB221BF9C70062366A /* Assets.xcassets in Resources */ = {isa = PBXBuildFile; fileRef = 95BB53BA221BF9C70062366A /* Assets.xcassets */; };
		95BB53BE221BF9C70062366A /* LaunchScreen.storyboard in Resources */ = {isa = PBXBuildFile; fileRef = 95BB53BC221BF9C70062366A /* LaunchScreen.storyboard */; };
/* End PBXBuildFile section */

/* Begin PBXFileReference section */
		95BB53B0221BF9C70062366A /* simple_cal.app */ = {isa = PBXFileReference; explicitFileType = wrapper.application; includeInIndex = 0; path = simple_cal.app; sourceTree = BUILT_PRODUCTS_DIR; };
		95BB53B3221BF9C70062366A /* AppDelegate.swift */ = {isa = PBXFileReference; lastKnownFileType = sourcecode.swift; path = AppDelegate.swift; sourceTree = "<group>"; };
		95BB53B5221BF9C70062366A /* ViewController.swift */ = {isa = PBXFileReference; lastKnownFileType = sourcecode.swift; path = ViewController.swift; sourceTree = "<group>"; };
		95BB53B8221BF9C70062366A /* Base */ = {isa = PBXFileReference; lastKnownFileType = file.storyboard; name = Base; path = Base.lproj/Main.storyboard; sourceTree = "<group>"; };
		95BB53BA221BF9C70062366A /* Assets.xcassets */ = {isa = PBXFileReference; lastKnownFileType = folder.assetcatalog; path = Assets.xcassets; sourceTree = "<group>"; };
		95BB53BD221BF9C70062366A /* Base */ = {isa = PBXFileReference; lastKnownFileType = file.storyboard; name = Base; path = Base.lproj/LaunchScreen.storyboard; sourceTree = "<group>"; };
		95BB53BF221BF9C70062366A /* simple_cal-Info.plist */ = {isa = PBXFileReference; lastKnownFileType = text.plist.xml; path = "simple_cal-Info.plist"; sourceTree = "<group>"; };
/* End PBXFileReference section */

/* Begin PBXFrameworksBuildPhase section */
		95BB53AD221BF9C70062366A /* Frameworks */ = {
			isa = PBXFrameworksBuildPhase;
			buildActionMask = 2147483647;
			files = (
			);
			runOnlyForDeploymentPostprocessing = 0;
		};
/* End PBXFrameworksBuildPhase section */

/* Begin PBXGroup section */
		95BB53A7221BF9C70062366A = {
			isa = PBXGroup;
			children = (
				95BB53B2221BF9C70062366A /* simple_cal */,
				95BB53B1221BF9C70062366A /* Products */,
			);
			sourceTree = "<group>";
		};
		95BB53B1221BF9C70062366A /* Products */ = {
			isa = PBXGroup;
			children = (
				95BB53B0221BF9C70062366A /* simple_cal.app */,
			);
			name = Products;
			sourceTree = "<group>";
		};
		95BB53B2221BF9C70062366A /* simple_cal */ = {
			isa = PBXGroup;
			children = (
				95BB53C7221BFDCF0062366A /* supporting file */,
				95BB53B5221BF9C70062366A /* ViewController.swift */,
				95BB53B7221BF9C70062366A /* Main.storyboard */,
			);
			path = simple_cal;
			sourceTree = "<group>";
		};
		95BB53C7221BFDCF0062366A /* supporting file */ = {
			isa = PBXGroup;
			children = (
				95BB53B3221BF9C70062366A /* AppDelegate.swift */,
				95BB53BA221BF9C70062366A /* Assets.xcassets */,
				95BB53BC221BF9C70062366A /* LaunchScreen.storyboard */,
				95BB53BF221BF9C70062366A /* simple_cal-Info.plist */,
			);
			path = "supporting file";
			sourceTree = "<group>";
		};
/* End PBXGroup section */

/* Begin PBXNativeTarget section */
		95BB53AF221BF9C70062366A /* simple_cal */ = {
			isa = PBXNativeTarget;
			buildConfigurationList = 95BB53C2221BF9C70062366A /* Build configuration list for PBXNativeTarget "simple_cal" */;
			buildPhases = (
				95BB53AC221BF9C70062366A /* Sources */,
				95BB53AD221BF9C70062366A /* Frameworks */,
				95BB53AE221BF9C70062366A /* Resources */,
			);
			buildRules = (
			);
			dependencies = (
			);
			name = simple_cal;
			productName = simple_cal;
			productReference = 95BB53B0221BF9C70062366A /* simple_cal.app */;
			productType = "com.apple.product-type.application";
		};
/* End PBXNativeTarget section */

/* Begin PBXProject section */
		95BB53A8221BF9C70062366A /* Project object */ = {
			isa = PBXProject;
			attributes = {
				LastSwiftUpdateCheck = 0920;
				LastUpgradeCheck = 0920;
				ORGANIZATIONNAME = "강병우";
				TargetAttributes = {
					95BB53AF221BF9C70062366A = {
						CreatedOnToolsVersion = 9.2;
						ProvisioningStyle = Automatic;
					};
				};
			};
			buildConfigurationList = 95BB53AB221BF9C70062366A /* Build configuration list for PBXProject "simple_cal" */;
			compatibilityVersion = "Xcode 8.0";
			developmentRegion = en;
			hasScannedForEncodings = 0;
			knownRegions = (
				en,
				Base,
			);
			mainGroup = 95BB53A7221BF9C70062366A;
			productRefGroup = 95BB53B1221BF9C70062366A /* Products */;
			projectDirPath = "";
			projectRoot = "";
			targets = (
				95BB53AF221BF9C70062366A /* simple_cal */,
			);
		};
/* End PBXProject section */

/* Begin PBXResourcesBuildPhase section */
		95BB53AE221BF9C70062366A /* Resources */ = {
			isa = PBXResourcesBuildPhase;
			buildActionMask = 2147483647;
			files = (
				95BB53BE221BF9C70062366A /* LaunchScreen.storyboard in Resources */,
				95BB53BB221BF9C70062366A /* Assets.xcassets in Resources */,
				95BB53B9221BF9C70062366A /* Main.storyboard in Resources */,
			);
			runOnlyForDeploymentPostprocessing = 0;
		};
/* End PBXResourcesBuildPhase section */

/* Begin PBXSourcesBuildPhase section */
		95BB53AC221BF9C70062366A /* Sources */ = {
			isa = PBXSourcesBuildPhase;
			buildActionMask = 2147483647;
			files = (
				95BB53B6221BF9C70062366A /* ViewController.swift in Sources */,
				95BB53B4221BF9C70062366A /* AppDelegate.swift in Sources */,
			);
			runOnlyForDeploymentPostprocessing = 0;
		};
/* End PBXSourcesBuildPhase section */

/* Begin PBXVariantGroup section */
		95BB53B7221BF9C70062366A /* Main.storyboard */ = {
			isa = PBXVariantGroup;
			children = (
				95BB53B8221BF9C70062366A /* Base */,
			);
			name = Main.storyboard;
			sourceTree = "<group>";
		};
		95BB53BC221BF9C70062366A /* LaunchScreen.storyboard */ = {
			isa = PBXVariantGroup;
			children = (
				95BB53BD221BF9C70062366A /* Base */,
			);
			name = LaunchScreen.storyboard;
			sourceTree = "<group>";
		};
/* End PBXVariantGroup section */

/* Begin XCBuildConfiguration section */
		95BB53C0221BF9C70062366A /* Debug */ = {
			isa = XCBuildConfiguration;
			buildSettings = {
				ALWAYS_SEARCH_USER_PATHS = NO;
				CLANG_ANALYZER_NONNULL = YES;
				CLANG_ANALYZER_NUMBER_OBJECT_CONVERSION = YES_AGGRESSIVE;
				CLANG_CXX_LANGUAGE_STANDARD = "gnu++14";
				CLANG_CXX_LIBRARY = "libc++";
				CLANG_ENABLE_MODULES = YES;
				CLANG_ENABLE_OBJC_ARC = YES;
				CLANG_WARN_BLOCK_CAPTURE_AUTORELEASING = YES;
				CLANG_WARN_BOOL_CONVERSION = YES;
				CLANG_WARN_COMMA = YES;
				CLANG_WARN_CONSTANT_CONVERSION = YES;
				CLANG_WARN_DIRECT_OBJC_ISA_USAGE = YES_ERROR;
				CLANG_WARN_DOCUMENTATION_COMMENTS = YES;
				CLANG_WARN_EMPTY_BODY = YES;
				CLANG_WARN_ENUM_CONVERSION = YES;
				CLANG_WARN_INFINITE_RECURSION = YES;
				CLANG_WARN_INT_CONVERSION = YES;
				CLANG_WARN_NON_LITERAL_NULL_CONVERSION = YES;
				CLANG_WARN_OBJC_LITERAL_CONVERSION = YES;
				CLANG_WARN_OBJC_ROOT_CLASS = YES_ERROR;
				CLANG_WARN_RANGE_LOOP_ANALYSIS = YES;
				CLANG_WARN_STRICT_PROTOTYPES = YES;
				CLANG_WARN_SUSPICIOUS_MOVE = YES;
				CLANG_WARN_UNGUARDED_AVAILABILITY = YES_AGGRESSIVE;
				CLANG_WARN_UNREACHABLE_CODE = YES;
				CLANG_WARN__DUPLICATE_METHOD_MATCH = YES;
				CODE_SIGN_IDENTITY = "iPhone Developer";
				COPY_PHASE_STRIP = NO;
				DEBUG_INFORMATION_FORMAT = dwarf;
				ENABLE_STRICT_OBJC_MSGSEND = YES;
				ENABLE_TESTABILITY = YES;
				GCC_C_LANGUAGE_STANDARD = gnu11;
				GCC_DYNAMIC_NO_PIC = NO;
				GCC_NO_COMMON_BLOCKS = YES;
				GCC_OPTIMIZATION_LEVEL = 0;
				GCC_PREPROCESSOR_DEFINITIONS = (
					"DEBUG=1",
					"$(inherited)",
				);
				GCC_WARN_64_TO_32_BIT_CONVERSION = YES;
				GCC_WARN_ABOUT_RETURN_TYPE = YES_ERROR;
				GCC_WARN_UNDECLARED_SELECTOR = YES;
				GCC_WARN_UNINITIALIZED_AUTOS = YES_AGGRESSIVE;
				GCC_WARN_UNUSED_FUNCTION = YES;
				GCC_WARN_UNUSED_VARIABLE = YES;
				IPHONEOS_DEPLOYMENT_TARGET = 11.2;
				MTL_ENABLE_DEBUG_INFO = YES;
				ONLY_ACTIVE_ARCH = YES;
				SDKROOT = iphoneos;
				SWIFT_ACTIVE_COMPILATION_CONDITIONS = DEBUG;
				SWIFT_OPTIMIZATION_LEVEL = "-Onone";
			};
			name = Debug;
		};
		95BB53C1221BF9C70062366A /* Release */ = {
			isa = XCBuildConfiguration;
			buildSettings = {
				ALWAYS_SEARCH_USER_PATHS = NO;
				CLANG_ANALYZER_NONNULL = YES;
				CLANG_ANALYZER_NUMBER_OBJECT_CONVERSION = YES_AGGRESSIVE;
				CLANG_CXX_LANGUAGE_STANDARD = "gnu++14";
				CLANG_CXX_LIBRARY = "libc++";
				CLANG_ENABLE_MODULES = YES;
				CLANG_ENABLE_OBJC_ARC = YES;
				CLANG_WARN_BLOCK_CAPTURE_AUTORELEASING = YES;
				CLANG_WARN_BOOL_CONVERSION = YES;
				CLANG_WARN_COMMA = YES;
				CLANG_WARN_CONSTANT_CONVERSION = YES;
				CLANG_WARN_DIRECT_OBJC_ISA_USAGE = YES_ERROR;
				CLANG_WARN_DOCUMENTATION_COMMENTS = YES;
				CLANG_WARN_EMPTY_BODY = YES;
				CLANG_WARN_ENUM_CONVERSION = YES;
				CLANG_WARN_INFINITE_RECURSION = YES;
				CLANG_WARN_INT_CONVERSION = YES;
				CLANG_WARN_NON_LITERAL_NULL_CONVERSION = YES;
				CLANG_WARN_OBJC_LITERAL_CONVERSION = YES;
				CLANG_WARN_OBJC_ROOT_CLASS = YES_ERROR;
				CLANG_WARN_RANGE_LOOP_ANALYSIS = YES;
				CLANG_WARN_STRICT_PROTOTYPES = YES;
				CLANG_WARN_SUSPICIOUS_MOVE = YES;
				CLANG_WARN_UNGUARDED_AVAILABILITY = YES_AGGRESSIVE;
				CLANG_WARN_UNREACHABLE_CODE = YES;
				CLANG_WARN__DUPLICATE_METHOD_MATCH = YES;
				CODE_SIGN_IDENTITY = "iPhone Developer";
				COPY_PHASE_STRIP = NO;
				DEBUG_INFORMATION_FORMAT = "dwarf-with-dsym";
				ENABLE_NS_ASSERTIONS = NO;
				ENABLE_STRICT_OBJC_MSGSEND = YES;
				GCC_C_LANGUAGE_STANDARD = gnu11;
				GCC_NO_COMMON_BLOCKS = YES;
				GCC_WARN_64_TO_32_BIT_CONVERSION = YES;
				GCC_WARN_ABOUT_RETURN_TYPE = YES_ERROR;
				GCC_WARN_UNDECLARED_SELECTOR = YES;
				GCC_WARN_UNINITIALIZED_AUTOS = YES_AGGRESSIVE;
				GCC_WARN_UNUSED_FUNCTION = YES;
				GCC_WARN_UNUSED_VARIABLE = YES;
				IPHONEOS_DEPLOYMENT_TARGET = 11.2;
				MTL_ENABLE_DEBUG_INFO = NO;
				SDKROOT = iphoneos;
				SWIFT_OPTIMIZATION_LEVEL = "-Owholemodule";
				VALIDATE_PRODUCT = YES;
			};
			name = Release;
		};
		95BB53C3221BF9C70062366A /* Debug */ = {
			isa = XCBuildConfiguration;
			buildSettings = {
				ASSETCATALOG_COMPILER_APPICON_NAME = AppIcon;
				CODE_SIGN_STYLE = Automatic;
				DEVELOPMENT_TEAM = 3XVKPQ55YF;
				INFOPLIST_FILE = "$(SRCROOT)/simple_cal/supporting file/simple_cal-Info.plist";
				LD_RUNPATH_SEARCH_PATHS = "$(inherited) @executable_path/Frameworks";
				PRODUCT_BUNDLE_IDENTIFIER = "o3o.simple-cal";
				PRODUCT_NAME = "$(TARGET_NAME)";
				SWIFT_VERSION = 4.0;
				TARGETED_DEVICE_FAMILY = "1,2";
			};
			name = Debug;
		};
		95BB53C4221BF9C70062366A /* Release */ = {
			isa = XCBuildConfiguration;
			buildSettings = {
				ASSETCATALOG_COMPILER_APPICON_NAME = AppIcon;
				CODE_SIGN_STYLE = Automatic;
				DEVELOPMENT_TEAM = 3XVKPQ55YF;
				INFOPLIST_FILE = "$(SRCROOT)/simple_cal/supporting file/simple_cal-Info.plist";
				LD_RUNPATH_SEARCH_PATHS = "$(inherited) @executable_path/Frameworks";
				PRODUCT_BUNDLE_IDENTIFIER = "o3o.simple-cal";
				PRODUCT_NAME = "$(TARGET_NAME)";
				SWIFT_VERSION = 4.0;
				TARGETED_DEVICE_FAMILY = "1,2";
			};
			name = Release;
		};
/* End XCBuildConfiguration section */

/* Begin XCConfigurationList section */
		95BB53AB221BF9C70062366A /* Build configuration list for PBXProject "simple_cal" */ = {
			isa = XCConfigurationList;
			buildConfigurations = (
				95BB53C0221BF9C70062366A /* Debug */,
				95BB53C1221BF9C70062366A /* Release */,
			);
			defaultConfigurationIsVisible = 0;
			defaultConfigurationName = Release;
		};
		95BB53C2221BF9C70062366A /* Build configuration list for PBXNativeTarget "simple_cal" */ = {
			isa = XCConfigurationList;
			buildConfigurations = (
				95BB53C3221BF9C70062366A /* Debug */,
				95BB53C4221BF9C70062366A /* Release */,
			);
			defaultConfigurationIsVisible = 0;
			defaultConfigurationName = Release;
		};
/* End XCConfigurationList section */
	};
	rootObject = 95BB53A8221BF9C70062366A /* Project object */;
}
